
Microsoft Visual Studio Solution File, Format Version 12.00
# Visual Studio Version 16
VisualStudioVersion = 16.0.30907.101
MinimumVisualStudioVersion = 10.0.40219.1
Project("{FAE04EC0-301F-11D3-BF4B-00C04F79EFBC}") = "Enumerationen", "Enumerationen\Enumerationen.csproj", "{1C99FB70-70FB-4D06-9540-C68323B3793B}"
EndProject
Global
	GlobalSection(SolutionConfigurationPlatforms) = preSolution
		Debug|Any CPU = Debug|Any CPU
		Release|Any CPU = Release|Any CPU
	EndGlobalSection
	GlobalSection(ProjectConfigurationPlatforms) = postSolution
		{1C99FB70-70FB-4D06-9540-C68323B3793B}.Debug|Any CPU.ActiveCfg = Debug|Any CPU
		{1C99FB70-70FB-4D06-9540-C68323B3793B}.Debug|Any CPU.Build.0 = Debug|Any CPU
		{1C99FB70-70FB-4D06-9540-C68323B3793B}.Release|Any CPU.ActiveCfg = Release|Any CPU
		{1C99FB70-70FB-4D06-9540-C68323B3793B}.Release|Any CPU.Build.0 = Release|Any CPU
	EndGlobalSection
	GlobalSection(SolutionProperties) = preSolution
		HideSolutionNode = FALSE
	EndGlobalSection
	GlobalSection(ExtensibilityGlobals) = postSolution
		SolutionGuid = {879DDA65-C8C8-4933-B3F1-CFE7DEE220E6}
	EndGlobalSection
EndGlobal
